// !$*UTF8*$!
{
	archiveVersion = 1;
	classes = {
	};
	objectVersion = 56;
	objects = {

/* Begin PBXBuildFile section */
		0907FF2D2912813800F07562 /* Location.swift in Sources */ = {isa = PBXBuildFile; fileRef = 0907FF2C2912813800F07562 /* Location.swift */; };
		096FEF5C291CC6F200B73F1E /* LocationViewViewModel.swift in Sources */ = {isa = PBXBuildFile; fileRef = 096FEF5B291CC6F200B73F1E /* LocationViewViewModel.swift */; };
		096FEF5E291CC70800B73F1E /* EpisodeViewViewModel.swift in Sources */ = {isa = PBXBuildFile; fileRef = 096FEF5D291CC70800B73F1E /* EpisodeViewViewModel.swift */; };
		09AFED562918FD1D0011FE94 /* Favorites.swift in Sources */ = {isa = PBXBuildFile; fileRef = 09AFED552918FD1D0011FE94 /* Favorites.swift */; };
		09AFED5829190F200011FE94 /* EpisodeDetailView.swift in Sources */ = {isa = PBXBuildFile; fileRef = 09AFED5729190F200011FE94 /* EpisodeDetailView.swift */; };
		09D2D94929124ADC00BB18C1 /* R_MApp.swift in Sources */ = {isa = PBXBuildFile; fileRef = 09D2D94829124ADC00BB18C1 /* R_MApp.swift */; };
		09D2D94B29124ADC00BB18C1 /* ContentView.swift in Sources */ = {isa = PBXBuildFile; fileRef = 09D2D94A29124ADC00BB18C1 /* ContentView.swift */; };
		09D2D94D29124ADD00BB18C1 /* Assets.xcassets in Resources */ = {isa = PBXBuildFile; fileRef = 09D2D94C29124ADD00BB18C1 /* Assets.xcassets */; };
		09D2D95029124ADD00BB18C1 /* Preview Assets.xcassets in Resources */ = {isa = PBXBuildFile; fileRef = 09D2D94F29124ADD00BB18C1 /* Preview Assets.xcassets */; };
		09D2D9572912558B00BB18C1 /* CharacterView.swift in Sources */ = {isa = PBXBuildFile; fileRef = 09D2D9562912558B00BB18C1 /* CharacterView.swift */; };
		09D2D959291255D900BB18C1 /* Locations.swift in Sources */ = {isa = PBXBuildFile; fileRef = 09D2D958291255D900BB18C1 /* Locations.swift */; };
		09D2D95B2912569E00BB18C1 /* Character.swift in Sources */ = {isa = PBXBuildFile; fileRef = 09D2D95A2912569E00BB18C1 /* Character.swift */; };
		09D2D95D2912581E00BB18C1 /* RickAndMortyViewModel.swift in Sources */ = {isa = PBXBuildFile; fileRef = 09D2D95C2912581D00BB18C1 /* RickAndMortyViewModel.swift */; };
		09D2D95F2912584900BB18C1 /* RickAndMortyDataServices.swift in Sources */ = {isa = PBXBuildFile; fileRef = 09D2D95E2912584900BB18C1 /* RickAndMortyDataServices.swift */; };
		09D2D96129125A1900BB18C1 /* RickAndMortyService.swift in Sources */ = {isa = PBXBuildFile; fileRef = 09D2D96029125A1900BB18C1 /* RickAndMortyService.swift */; };
		09F5E5E92918E70C000A1BF6 /* CharacterDetailView.swift in Sources */ = {isa = PBXBuildFile; fileRef = 09F5E5E82918E70C000A1BF6 /* CharacterDetailView.swift */; };
		09FC5D342914F6E8008D1A4C /* EpisodeView.swift in Sources */ = {isa = PBXBuildFile; fileRef = 09FC5D332914F6E7008D1A4C /* EpisodeView.swift */; };
		09FC5D362914F79F008D1A4C /* Episode.swift in Sources */ = {isa = PBXBuildFile; fileRef = 09FC5D352914F79F008D1A4C /* Episode.swift */; };
/* End PBXBuildFile section */

/* Begin PBXFileReference section */
		0907FF2C2912813800F07562 /* Location.swift */ = {isa = PBXFileReference; lastKnownFileType = sourcecode.swift; path = Location.swift; sourceTree = "<group>"; };
		096FEF5B291CC6F200B73F1E /* LocationViewViewModel.swift */ = {isa = PBXFileReference; lastKnownFileType = sourcecode.swift; path = LocationViewViewModel.swift; sourceTree = "<group>"; };
		096FEF5D291CC70800B73F1E /* EpisodeViewViewModel.swift */ = {isa = PBXFileReference; lastKnownFileType = sourcecode.swift; path = EpisodeViewViewModel.swift; sourceTree = "<group>"; };
		09AFED552918FD1D0011FE94 /* Favorites.swift */ = {isa = PBXFileReference; lastKnownFileType = sourcecode.swift; path = Favorites.swift; sourceTree = "<group>"; };
		09AFED5729190F200011FE94 /* EpisodeDetailView.swift */ = {isa = PBXFileReference; lastKnownFileType = sourcecode.swift; path = EpisodeDetailView.swift; sourceTree = "<group>"; };
		09D2D94529124ADC00BB18C1 /* R&M.app */ = {isa = PBXFileReference; explicitFileType = wrapper.application; includeInIndex = 0; path = "R&M.app"; sourceTree = BUILT_PRODUCTS_DIR; };
		09D2D94829124ADC00BB18C1 /* R_MApp.swift */ = {isa = PBXFileReference; lastKnownFileType = sourcecode.swift; path = R_MApp.swift; sourceTree = "<group>"; };
		09D2D94A29124ADC00BB18C1 /* ContentView.swift */ = {isa = PBXFileReference; lastKnownFileType = sourcecode.swift; path = ContentView.swift; sourceTree = "<group>"; };
		09D2D94C29124ADD00BB18C1 /* Assets.xcassets */ = {isa = PBXFileReference; lastKnownFileType = folder.assetcatalog; path = Assets.xcassets; sourceTree = "<group>"; };
		09D2D94F29124ADD00BB18C1 /* Preview Assets.xcassets */ = {isa = PBXFileReference; lastKnownFileType = folder.assetcatalog; path = "Preview Assets.xcassets"; sourceTree = "<group>"; };
		09D2D9562912558B00BB18C1 /* CharacterView.swift */ = {isa = PBXFileReference; lastKnownFileType = sourcecode.swift; path = CharacterView.swift; sourceTree = "<group>"; };
		09D2D958291255D900BB18C1 /* Locations.swift */ = {isa = PBXFileReference; lastKnownFileType = sourcecode.swift; path = Locations.swift; sourceTree = "<group>"; };
		09D2D95A2912569E00BB18C1 /* Character.swift */ = {isa = PBXFileReference; lastKnownFileType = sourcecode.swift; path = Character.swift; sourceTree = "<group>"; };
		09D2D95C2912581D00BB18C1 /* RickAndMortyViewModel.swift */ = {isa = PBXFileReference; lastKnownFileType = sourcecode.swift; path = RickAndMortyViewModel.swift; sourceTree = "<group>"; };
		09D2D95E2912584900BB18C1 /* RickAndMortyDataServices.swift */ = {isa = PBXFileReference; lastKnownFileType = sourcecode.swift; path = RickAndMortyDataServices.swift; sourceTree = "<group>"; };
		09D2D96029125A1900BB18C1 /* RickAndMortyService.swift */ = {isa = PBXFileReference; lastKnownFileType = sourcecode.swift; path = RickAndMortyService.swift; sourceTree = "<group>"; };
		09F5E5E82918E70C000A1BF6 /* CharacterDetailView.swift */ = {isa = PBXFileReference; lastKnownFileType = sourcecode.swift; path = CharacterDetailView.swift; sourceTree = "<group>"; };
		09FC5D332914F6E7008D1A4C /* EpisodeView.swift */ = {isa = PBXFileReference; lastKnownFileType = sourcecode.swift; path = EpisodeView.swift; sourceTree = "<group>"; };
		09FC5D352914F79F008D1A4C /* Episode.swift */ = {isa = PBXFileReference; lastKnownFileType = sourcecode.swift; path = Episode.swift; sourceTree = "<group>"; };
/* End PBXFileReference section */

/* Begin PBXFrameworksBuildPhase section */
		09D2D94229124ADB00BB18C1 /* Frameworks */ = {
			isa = PBXFrameworksBuildPhase;
			buildActionMask = 2147483647;
			files = (
			);
			runOnlyForDeploymentPostprocessing = 0;
		};
/* End PBXFrameworksBuildPhase section */

/* Begin PBXGroup section */
		09D2D93C29124ADB00BB18C1 = {
			isa = PBXGroup;
			children = (
				09D2D94729124ADC00BB18C1 /* R&M */,
				09D2D94629124ADC00BB18C1 /* Products */,
			);
			sourceTree = "<group>";
		};
		09D2D94629124ADC00BB18C1 /* Products */ = {
			isa = PBXGroup;
			children = (
				09D2D94529124ADC00BB18C1 /* R&M.app */,
			);
			name = Products;
			sourceTree = "<group>";
		};
		09D2D94729124ADC00BB18C1 /* R&M */ = {
			isa = PBXGroup;
			children = (
				09D2D94829124ADC00BB18C1 /* R_MApp.swift */,
				09FC5D3829150CE3008D1A4C /* Model */,
				09FC5D3929150CF7008D1A4C /* ViewModels */,
				09FC5D3729150CD4008D1A4C /* Views */,
				09FC5D3A29150D08008D1A4C /* Services */,
				09D2D94C29124ADD00BB18C1 /* Assets.xcassets */,
				09D2D94E29124ADD00BB18C1 /* Preview Content */,
			);
			path = "R&M";
			sourceTree = "<group>";
		};
		09D2D94E29124ADD00BB18C1 /* Preview Content */ = {
			isa = PBXGroup;
			children = (
				09D2D94F29124ADD00BB18C1 /* Preview Assets.xcassets */,
			);
			path = "Preview Content";
			sourceTree = "<group>";
		};
		09FC5D3729150CD4008D1A4C /* Views */ = {
			isa = PBXGroup;
			children = (
				09D2D94A29124ADC00BB18C1 /* ContentView.swift */,
				09D2D9562912558B00BB18C1 /* CharacterView.swift */,
				09F5E5E82918E70C000A1BF6 /* CharacterDetailView.swift */,
				09D2D958291255D900BB18C1 /* Locations.swift */,
				09FC5D332914F6E7008D1A4C /* EpisodeView.swift */,
				09AFED5729190F200011FE94 /* EpisodeDetailView.swift */,
			);
			path = Views;
			sourceTree = "<group>";
		};
		09FC5D3829150CE3008D1A4C /* Model */ = {
			isa = PBXGroup;
			children = (
				09FC5D352914F79F008D1A4C /* Episode.swift */,
				0907FF2C2912813800F07562 /* Location.swift */,
				09D2D95A2912569E00BB18C1 /* Character.swift */,
				09AFED552918FD1D0011FE94 /* Favorites.swift */,
			);
			path = Model;
			sourceTree = "<group>";
		};
		09FC5D3929150CF7008D1A4C /* ViewModels */ = {
			isa = PBXGroup;
			children = (
				09D2D95C2912581D00BB18C1 /* RickAndMortyViewModel.swift */,
				096FEF5B291CC6F200B73F1E /* LocationViewViewModel.swift */,
				096FEF5D291CC70800B73F1E /* EpisodeViewViewModel.swift */,
			);
			path = ViewModels;
			sourceTree = "<group>";
		};
		09FC5D3A29150D08008D1A4C /* Services */ = {
			isa = PBXGroup;
			children = (
				09D2D95E2912584900BB18C1 /* RickAndMortyDataServices.swift */,
				09D2D96029125A1900BB18C1 /* RickAndMortyService.swift */,
			);
			path = Services;
			sourceTree = "<group>";
		};
/* End PBXGroup section */

/* Begin PBXNativeTarget section */
		09D2D94429124ADB00BB18C1 /* R&M */ = {
			isa = PBXNativeTarget;
			buildConfigurationList = 09D2D95329124ADD00BB18C1 /* Build configuration list for PBXNativeTarget "R&M" */;
			buildPhases = (
				09D2D94129124ADB00BB18C1 /* Sources */,
				09D2D94229124ADB00BB18C1 /* Frameworks */,
				09D2D94329124ADB00BB18C1 /* Resources */,
			);
			buildRules = (
			);
			dependencies = (
			);
			name = "R&M";
			productName = "R&M";
			productReference = 09D2D94529124ADC00BB18C1 /* R&M.app */;
			productType = "com.apple.product-type.application";
		};
/* End PBXNativeTarget section */

/* Begin PBXProject section */
		09D2D93D29124ADB00BB18C1 /* Project object */ = {
			isa = PBXProject;
			attributes = {
				BuildIndependentTargetsInParallel = 1;
				LastSwiftUpdateCheck = 1400;
				LastUpgradeCheck = 1400;
				TargetAttributes = {
					09D2D94429124ADB00BB18C1 = {
						CreatedOnToolsVersion = 14.0.1;
					};
				};
			};
			buildConfigurationList = 09D2D94029124ADB00BB18C1 /* Build configuration list for PBXProject "R&M" */;
			compatibilityVersion = "Xcode 14.0";
			developmentRegion = en;
			hasScannedForEncodings = 0;
			knownRegions = (
				en,
				Base,
			);
			mainGroup = 09D2D93C29124ADB00BB18C1;
			productRefGroup = 09D2D94629124ADC00BB18C1 /* Products */;
			projectDirPath = "";
			projectRoot = "";
			targets = (
				09D2D94429124ADB00BB18C1 /* R&M */,
			);
		};
/* End PBXProject section */

/* Begin PBXResourcesBuildPhase section */
		09D2D94329124ADB00BB18C1 /* Resources */ = {
			isa = PBXResourcesBuildPhase;
			buildActionMask = 2147483647;
			files = (
				09D2D95029124ADD00BB18C1 /* Preview Assets.xcassets in Resources */,
				09D2D94D29124ADD00BB18C1 /* Assets.xcassets in Resources */,
			);
			runOnlyForDeploymentPostprocessing = 0;
		};
/* End PBXResourcesBuildPhase section */

/* Begin PBXSourcesBuildPhase section */
		09D2D94129124ADB00BB18C1 /* Sources */ = {
			isa = PBXSourcesBuildPhase;
			buildActionMask = 2147483647;
			files = (
				09D2D9572912558B00BB18C1 /* CharacterView.swift in Sources */,
				09FC5D342914F6E8008D1A4C /* EpisodeView.swift in Sources */,
				09AFED5829190F200011FE94 /* EpisodeDetailView.swift in Sources */,
				096FEF5C291CC6F200B73F1E /* LocationViewViewModel.swift in Sources */,
				09F5E5E92918E70C000A1BF6 /* CharacterDetailView.swift in Sources */,
				096FEF5E291CC70800B73F1E /* EpisodeViewViewModel.swift in Sources */,
				09D2D94B29124ADC00BB18C1 /* ContentView.swift in Sources */,
				09D2D95B2912569E00BB18C1 /* Character.swift in Sources */,
				09D2D959291255D900BB18C1 /* Locations.swift in Sources */,
				09FC5D362914F79F008D1A4C /* Episode.swift in Sources */,
				0907FF2D2912813800F07562 /* Location.swift in Sources */,
				09D2D96129125A1900BB18C1 /* RickAndMortyService.swift in Sources */,
				09D2D95F2912584900BB18C1 /* RickAndMortyDataServices.swift in Sources */,
				09AFED562918FD1D0011FE94 /* Favorites.swift in Sources */,
				09D2D94929124ADC00BB18C1 /* R_MApp.swift in Sources */,
				09D2D95D2912581E00BB18C1 /* RickAndMortyViewModel.swift in Sources */,
			);
			runOnlyForDeploymentPostprocessing = 0;
		};
/* End PBXSourcesBuildPhase section */

/* Begin XCBuildConfiguration section */
		09D2D95129124ADD00BB18C1 /* Debug */ = {
			isa = XCBuildConfiguration;
			buildSettings = {
				ALWAYS_SEARCH_USER_PATHS = NO;
				CLANG_ANALYZER_NONNULL = YES;
				CLANG_ANALYZER_NUMBER_OBJECT_CONVERSION = YES_AGGRESSIVE;
				CLANG_CXX_LANGUAGE_STANDARD = "gnu++20";
				CLANG_ENABLE_MODULES = YES;
				CLANG_ENABLE_OBJC_ARC = YES;
				CLANG_ENABLE_OBJC_WEAK = YES;
				CLANG_WARN_BLOCK_CAPTURE_AUTORELEASING = YES;
				CLANG_WARN_BOOL_CONVERSION = YES;
				CLANG_WARN_COMMA = YES;
				CLANG_WARN_CONSTANT_CONVERSION = YES;
				CLANG_WARN_DEPRECATED_OBJC_IMPLEMENTATIONS = YES;
				CLANG_WARN_DIRECT_OBJC_ISA_USAGE = YES_ERROR;
				CLANG_WARN_DOCUMENTATION_COMMENTS = YES;
				CLANG_WARN_EMPTY_BODY = YES;
				CLANG_WARN_ENUM_CONVERSION = YES;
				CLANG_WARN_INFINITE_RECURSION = YES;
				CLANG_WARN_INT_CONVERSION = YES;
				CLANG_WARN_NON_LITERAL_NULL_CONVERSION = YES;
				CLANG_WARN_OBJC_IMPLICIT_RETAIN_SELF = YES;
				CLANG_WARN_OBJC_LITERAL_CONVERSION = YES;
				CLANG_WARN_OBJC_ROOT_CLASS = YES_ERROR;
				CLANG_WARN_QUOTED_INCLUDE_IN_FRAMEWORK_HEADER = YES;
				CLANG_WARN_RANGE_LOOP_ANALYSIS = YES;
				CLANG_WARN_STRICT_PROTOTYPES = YES;
				CLANG_WARN_SUSPICIOUS_MOVE = YES;
				CLANG_WARN_UNGUARDED_AVAILABILITY = YES_AGGRESSIVE;
				CLANG_WARN_UNREACHABLE_CODE = YES;
				CLANG_WARN__DUPLICATE_METHOD_MATCH = YES;
				COPY_PHASE_STRIP = NO;
				DEBUG_INFORMATION_FORMAT = dwarf;
				ENABLE_STRICT_OBJC_MSGSEND = YES;
				ENABLE_TESTABILITY = YES;
				GCC_C_LANGUAGE_STANDARD = gnu11;
				GCC_DYNAMIC_NO_PIC = NO;
				GCC_NO_COMMON_BLOCKS = YES;
				GCC_OPTIMIZATION_LEVEL = 0;
				GCC_PREPROCESSOR_DEFINITIONS = (
					"DEBUG=1",
					"$(inherited)",
				);
				GCC_WARN_64_TO_32_BIT_CONVERSION = YES;
				GCC_WARN_ABOUT_RETURN_TYPE = YES_ERROR;
				GCC_WARN_UNDECLARED_SELECTOR = YES;
				GCC_WARN_UNINITIALIZED_AUTOS = YES_AGGRESSIVE;
				GCC_WARN_UNUSED_FUNCTION = YES;
				GCC_WARN_UNUSED_VARIABLE = YES;
				IPHONEOS_DEPLOYMENT_TARGET = 16.0;
				MTL_ENABLE_DEBUG_INFO = INCLUDE_SOURCE;
				MTL_FAST_MATH = YES;
				ONLY_ACTIVE_ARCH = YES;
				SDKROOT = iphoneos;
				SWIFT_ACTIVE_COMPILATION_CONDITIONS = DEBUG;
				SWIFT_OPTIMIZATION_LEVEL = "-Onone";
			};
			name = Debug;
		};
		09D2D95229124ADD00BB18C1 /* Release */ = {
			isa = XCBuildConfiguration;
			buildSettings = {
				ALWAYS_SEARCH_USER_PATHS = NO;
				CLANG_ANALYZER_NONNULL = YES;
				CLANG_ANALYZER_NUMBER_OBJECT_CONVERSION = YES_AGGRESSIVE;
				CLANG_CXX_LANGUAGE_STANDARD = "gnu++20";
				CLANG_ENABLE_MODULES = YES;
				CLANG_ENABLE_OBJC_ARC = YES;
				CLANG_ENABLE_OBJC_WEAK = YES;
				CLANG_WARN_BLOCK_CAPTURE_AUTORELEASING = YES;
				CLANG_WARN_BOOL_CONVERSION = YES;
				CLANG_WARN_COMMA = YES;
				CLANG_WARN_CONSTANT_CONVERSION = YES;
				CLANG_WARN_DEPRECATED_OBJC_IMPLEMENTATIONS = YES;
				CLANG_WARN_DIRECT_OBJC_ISA_USAGE = YES_ERROR;
				CLANG_WARN_DOCUMENTATION_COMMENTS = YES;
				CLANG_WARN_EMPTY_BODY = YES;
				CLANG_WARN_ENUM_CONVERSION = YES;
				CLANG_WARN_INFINITE_RECURSION = YES;
				CLANG_WARN_INT_CONVERSION = YES;
				CLANG_WARN_NON_LITERAL_NULL_CONVERSION = YES;
				CLANG_WARN_OBJC_IMPLICIT_RETAIN_SELF = YES;
				CLANG_WARN_OBJC_LITERAL_CONVERSION = YES;
				CLANG_WARN_OBJC_ROOT_CLASS = YES_ERROR;
				CLANG_WARN_QUOTED_INCLUDE_IN_FRAMEWORK_HEADER = YES;
				CLANG_WARN_RANGE_LOOP_ANALYSIS = YES;
				CLANG_WARN_STRICT_PROTOTYPES = YES;
				CLANG_WARN_SUSPICIOUS_MOVE = YES;
				CLANG_WARN_UNGUARDED_AVAILABILITY = YES_AGGRESSIVE;
				CLANG_WARN_UNREACHABLE_CODE = YES;
				CLANG_WARN__DUPLICATE_METHOD_MATCH = YES;
				COPY_PHASE_STRIP = NO;
				DEBUG_INFORMATION_FORMAT = "dwarf-with-dsym";
				ENABLE_NS_ASSERTIONS = NO;
				ENABLE_STRICT_OBJC_MSGSEND = YES;
				GCC_C_LANGUAGE_STANDARD = gnu11;
				GCC_NO_COMMON_BLOCKS = YES;
				GCC_WARN_64_TO_32_BIT_CONVERSION = YES;
				GCC_WARN_ABOUT_RETURN_TYPE = YES_ERROR;
				GCC_WARN_UNDECLARED_SELECTOR = YES;
				GCC_WARN_UNINITIALIZED_AUTOS = YES_AGGRESSIVE;
				GCC_WARN_UNUSED_FUNCTION = YES;
				GCC_WARN_UNUSED_VARIABLE = YES;
				IPHONEOS_DEPLOYMENT_TARGET = 16.0;
				MTL_ENABLE_DEBUG_INFO = NO;
				MTL_FAST_MATH = YES;
				SDKROOT = iphoneos;
				SWIFT_COMPILATION_MODE = wholemodule;
				SWIFT_OPTIMIZATION_LEVEL = "-O";
				VALIDATE_PRODUCT = YES;
			};
			name = Release;
		};
		09D2D95429124ADD00BB18C1 /* Debug */ = {
			isa = XCBuildConfiguration;
			buildSettings = {
				ASSETCATALOG_COMPILER_APPICON_NAME = AppIcon;
				ASSETCATALOG_COMPILER_GLOBAL_ACCENT_COLOR_NAME = AccentColor;
				CODE_SIGN_STYLE = Automatic;
				CURRENT_PROJECT_VERSION = 1;
				DEVELOPMENT_ASSET_PATHS = "\"R&M/Preview Content\"";
				DEVELOPMENT_TEAM = 5BZ6343QNY;
				ENABLE_PREVIEWS = YES;
				GENERATE_INFOPLIST_FILE = YES;
				INFOPLIST_KEY_UIApplicationSceneManifest_Generation = YES;
				INFOPLIST_KEY_UIApplicationSupportsIndirectInputEvents = YES;
				INFOPLIST_KEY_UILaunchScreen_Generation = YES;
				INFOPLIST_KEY_UISupportedInterfaceOrientations_iPad = "UIInterfaceOrientationPortrait UIInterfaceOrientationPortraitUpsideDown UIInterfaceOrientationLandscapeLeft UIInterfaceOrientationLandscapeRight";
				INFOPLIST_KEY_UISupportedInterfaceOrientations_iPhone = "UIInterfaceOrientationPortrait UIInterfaceOrientationLandscapeLeft UIInterfaceOrientationLandscapeRight";
				LD_RUNPATH_SEARCH_PATHS = (
					"$(inherited)",
					"@executable_path/Frameworks",
				);
				MARKETING_VERSION = 1.0;
				PRODUCT_BUNDLE_IDENTIFIER = "com.adnancobanoglu8.R-M";
				PRODUCT_NAME = "$(TARGET_NAME)";
				SWIFT_EMIT_LOC_STRINGS = YES;
				SWIFT_VERSION = 5.0;
				TARGETED_DEVICE_FAMILY = "1,2";
			};
			name = Debug;
		};
		09D2D95529124ADD00BB18C1 /* Release */ = {
			isa = XCBuildConfiguration;
			buildSettings = {
				ASSETCATALOG_COMPILER_APPICON_NAME = AppIcon;
				ASSETCATALOG_COMPILER_GLOBAL_ACCENT_COLOR_NAME = AccentColor;
				CODE_SIGN_STYLE = Automatic;
				CURRENT_PROJECT_VERSION = 1;
				DEVELOPMENT_ASSET_PATHS = "\"R&M/Preview Content\"";
				DEVELOPMENT_TEAM = 5BZ6343QNY;
				ENABLE_PREVIEWS = YES;
				GENERATE_INFOPLIST_FILE = YES;
				INFOPLIST_KEY_UIApplicationSceneManifest_Generation = YES;
				INFOPLIST_KEY_UIApplicationSupportsIndirectInputEvents = YES;
				INFOPLIST_KEY_UILaunchScreen_Generation = YES;
				INFOPLIST_KEY_UISupportedInterfaceOrientations_iPad = "UIInterfaceOrientationPortrait UIInterfaceOrientationPortraitUpsideDown UIInterfaceOrientationLandscapeLeft UIInterfaceOrientationLandscapeRight";
				INFOPLIST_KEY_UISupportedInterfaceOrientations_iPhone = "UIInterfaceOrientationPortrait UIInterfaceOrientationLandscapeLeft UIInterfaceOrientationLandscapeRight";
				LD_RUNPATH_SEARCH_PATHS = (
					"$(inherited)",
					"@executable_path/Frameworks",
				);
				MARKETING_VERSION = 1.0;
				PRODUCT_BUNDLE_IDENTIFIER = "com.adnancobanoglu8.R-M";
				PRODUCT_NAME = "$(TARGET_NAME)";
				SWIFT_EMIT_LOC_STRINGS = YES;
				SWIFT_VERSION = 5.0;
				TARGETED_DEVICE_FAMILY = "1,2";
			};
			name = Release;
		};
/* End XCBuildConfiguration section */

/* Begin XCConfigurationList section */
		09D2D94029124ADB00BB18C1 /* Build configuration list for PBXProject "R&M" */ = {
			isa = XCConfigurationList;
			buildConfigurations = (
				09D2D95129124ADD00BB18C1 /* Debug */,
				09D2D95229124ADD00BB18C1 /* Release */,
			);
			defaultConfigurationIsVisible = 0;
			defaultConfigurationName = Release;
		};
		09D2D95329124ADD00BB18C1 /* Build configuration list for PBXNativeTarget "R&M" */ = {
			isa = XCConfigurationList;
			buildConfigurations = (
				09D2D95429124ADD00BB18C1 /* Debug */,
				09D2D95529124ADD00BB18C1 /* Release */,
			);
			defaultConfigurationIsVisible = 0;
			defaultConfigurationName = Release;
		};
/* End XCConfigurationList section */
	};
	rootObject = 09D2D93D29124ADB00BB18C1 /* Project object */;
}
