// !$*UTF8*$!
{
	archiveVersion = 1;
	classes = {
	};
	objectVersion = 56;
	objects = {

/* Begin PBXBuildFile section */
		091B0EDE293F7E720033B14F /* Database.swift in Sources */ = {isa = PBXBuildFile; fileRef = 091B0EDD293F7E720033B14F /* Database.swift */; };
		091B0F2A2940C2860033B14F /* Apollo in Frameworks */ = {isa = PBXBuildFile; productRef = 091B0F292940C2860033B14F /* Apollo */; settings = {ATTRIBUTES = (Required, ); }; };
		091FA721294327EE00738726 /* Queries.graphql in Resources */ = {isa = PBXBuildFile; fileRef = 091FA720294327EE00738726 /* Queries.graphql */; };
		091FA7232943281800738726 /* API.swift in Sources */ = {isa = PBXBuildFile; fileRef = 091FA7222943281800738726 /* API.swift */; };
		0932DBE0294B397900BF91AD /* GraphCharacterView.swift in Sources */ = {isa = PBXBuildFile; fileRef = 0932DBDF294B397900BF91AD /* GraphCharacterView.swift */; };
		0932DBE2294B436100BF91AD /* SİngleQuery.swift in Sources */ = {isa = PBXBuildFile; fileRef = 0932DBE1294B436100BF91AD /* SİngleQuery.swift */; };
		093F4F7D29526E4B0078E183 /* GraphCharacterViewDetailDetailView.swift in Sources */ = {isa = PBXBuildFile; fileRef = 093F4F7C29526E4B0078E183 /* GraphCharacterViewDetailDetailView.swift */; };
		093F4F852953195D0078E183 /* GraphEpisodeView.swift in Sources */ = {isa = PBXBuildFile; fileRef = 093F4F842953195D0078E183 /* GraphEpisodeView.swift */; };
		093F4F87295319870078E183 /* GraphEpisodeDetailView.swift in Sources */ = {isa = PBXBuildFile; fileRef = 093F4F86295319870078E183 /* GraphEpisodeDetailView.swift */; };
		093F4F89295319A00078E183 /* GraphEpisodeViewDetailView.swift in Sources */ = {isa = PBXBuildFile; fileRef = 093F4F88295319A00078E183 /* GraphEpisodeViewDetailView.swift */; };
		093F4F8B295319B50078E183 /* GraphEpisodeViewModel.swift in Sources */ = {isa = PBXBuildFile; fileRef = 093F4F8A295319B50078E183 /* GraphEpisodeViewModel.swift */; };
		0959B9F52950B5FD00A6078F /* GraphCharacterDetailView.swift in Sources */ = {isa = PBXBuildFile; fileRef = 0959B9F42950B5FD00A6078F /* GraphCharacterDetailView.swift */; };
		09933350295C858B0052CAC4 /* GraphLocationView.swift in Sources */ = {isa = PBXBuildFile; fileRef = 0993334F295C858B0052CAC4 /* GraphLocationView.swift */; };
		09933352295C85A90052CAC4 /* GraphLocationDetailView.swift in Sources */ = {isa = PBXBuildFile; fileRef = 09933351295C85A90052CAC4 /* GraphLocationDetailView.swift */; };
		09933354295C85BB0052CAC4 /* GraphLocationViewDetailView.swift in Sources */ = {isa = PBXBuildFile; fileRef = 09933353295C85BB0052CAC4 /* GraphLocationViewDetailView.swift */; };
		09933356295C85CF0052CAC4 /* GraphLocationViewModel.swift in Sources */ = {isa = PBXBuildFile; fileRef = 09933355295C85CF0052CAC4 /* GraphLocationViewModel.swift */; };
		0997DB2229486E9E00162EF7 /* LaunchViewModel.swift in Sources */ = {isa = PBXBuildFile; fileRef = 0997DB2129486E9E00162EF7 /* LaunchViewModel.swift */; };
		0997DB242948B3B100162EF7 /* ContentViewGraphQL.swift in Sources */ = {isa = PBXBuildFile; fileRef = 0997DB232948B3B100162EF7 /* ContentViewGraphQL.swift */; };
		09CCD43F2934D21100E91B09 /* Extension.swift in Sources */ = {isa = PBXBuildFile; fileRef = 09CCD43E2934D21100E91B09 /* Extension.swift */; };
		09D2D94929124ADC00BB18C1 /* R_MApp.swift in Sources */ = {isa = PBXBuildFile; fileRef = 09D2D94829124ADC00BB18C1 /* R_MApp.swift */; };
		09D2D94D29124ADD00BB18C1 /* Assets.xcassets in Resources */ = {isa = PBXBuildFile; fileRef = 09D2D94C29124ADD00BB18C1 /* Assets.xcassets */; };
		09D2D95029124ADD00BB18C1 /* Preview Assets.xcassets in Resources */ = {isa = PBXBuildFile; fileRef = 09D2D94F29124ADD00BB18C1 /* Preview Assets.xcassets */; };
		09FDB24F2947182E00B5615A /* Network.swift in Sources */ = {isa = PBXBuildFile; fileRef = 09FDB24E2947182E00B5615A /* Network.swift */; };
/* End PBXBuildFile section */

/* Begin PBXFileReference section */
		09184535294322F200B7F4C6 /* schema.json */ = {isa = PBXFileReference; fileEncoding = 4; lastKnownFileType = text.json; path = schema.json; sourceTree = "<group>"; };
		091B0EDD293F7E720033B14F /* Database.swift */ = {isa = PBXFileReference; lastKnownFileType = sourcecode.swift; path = Database.swift; sourceTree = "<group>"; };
		091FA720294327EE00738726 /* Queries.graphql */ = {isa = PBXFileReference; fileEncoding = 4; lastKnownFileType = text; path = Queries.graphql; sourceTree = "<group>"; };
		091FA7222943281800738726 /* API.swift */ = {isa = PBXFileReference; fileEncoding = 4; lastKnownFileType = sourcecode.swift; name = API.swift; path = "R&M/API.swift"; sourceTree = SOURCE_ROOT; };
		0932DBDF294B397900BF91AD /* GraphCharacterView.swift */ = {isa = PBXFileReference; lastKnownFileType = sourcecode.swift; path = GraphCharacterView.swift; sourceTree = "<group>"; };
		0932DBE1294B436100BF91AD /* SİngleQuery.swift */ = {isa = PBXFileReference; lastKnownFileType = sourcecode.swift; path = "SİngleQuery.swift"; sourceTree = "<group>"; };
		093F4F7C29526E4B0078E183 /* GraphCharacterViewDetailDetailView.swift */ = {isa = PBXFileReference; lastKnownFileType = sourcecode.swift; path = GraphCharacterViewDetailDetailView.swift; sourceTree = "<group>"; };
		093F4F842953195D0078E183 /* GraphEpisodeView.swift */ = {isa = PBXFileReference; lastKnownFileType = sourcecode.swift; path = GraphEpisodeView.swift; sourceTree = "<group>"; };
		093F4F86295319870078E183 /* GraphEpisodeDetailView.swift */ = {isa = PBXFileReference; lastKnownFileType = sourcecode.swift; path = GraphEpisodeDetailView.swift; sourceTree = "<group>"; };
		093F4F88295319A00078E183 /* GraphEpisodeViewDetailView.swift */ = {isa = PBXFileReference; lastKnownFileType = sourcecode.swift; path = GraphEpisodeViewDetailView.swift; sourceTree = "<group>"; };
		093F4F8A295319B50078E183 /* GraphEpisodeViewModel.swift */ = {isa = PBXFileReference; lastKnownFileType = sourcecode.swift; path = GraphEpisodeViewModel.swift; sourceTree = "<group>"; };
		0959B9F42950B5FD00A6078F /* GraphCharacterDetailView.swift */ = {isa = PBXFileReference; lastKnownFileType = sourcecode.swift; path = GraphCharacterDetailView.swift; sourceTree = "<group>"; };
		0993334F295C858B0052CAC4 /* GraphLocationView.swift */ = {isa = PBXFileReference; lastKnownFileType = sourcecode.swift; path = GraphLocationView.swift; sourceTree = "<group>"; };
		09933351295C85A90052CAC4 /* GraphLocationDetailView.swift */ = {isa = PBXFileReference; lastKnownFileType = sourcecode.swift; path = GraphLocationDetailView.swift; sourceTree = "<group>"; };
		09933353295C85BB0052CAC4 /* GraphLocationViewDetailView.swift */ = {isa = PBXFileReference; lastKnownFileType = sourcecode.swift; path = GraphLocationViewDetailView.swift; sourceTree = "<group>"; };
		09933355295C85CF0052CAC4 /* GraphLocationViewModel.swift */ = {isa = PBXFileReference; lastKnownFileType = sourcecode.swift; path = GraphLocationViewModel.swift; sourceTree = "<group>"; };
		0997DB2129486E9E00162EF7 /* LaunchViewModel.swift */ = {isa = PBXFileReference; lastKnownFileType = sourcecode.swift; path = LaunchViewModel.swift; sourceTree = "<group>"; };
		0997DB232948B3B100162EF7 /* ContentViewGraphQL.swift */ = {isa = PBXFileReference; lastKnownFileType = sourcecode.swift; path = ContentViewGraphQL.swift; sourceTree = "<group>"; };
		09CCD43E2934D21100E91B09 /* Extension.swift */ = {isa = PBXFileReference; lastKnownFileType = sourcecode.swift; path = Extension.swift; sourceTree = "<group>"; };
		09D2D94529124ADC00BB18C1 /* R&M.app */ = {isa = PBXFileReference; explicitFileType = wrapper.application; includeInIndex = 0; path = "R&M.app"; sourceTree = BUILT_PRODUCTS_DIR; };
		09D2D94829124ADC00BB18C1 /* R_MApp.swift */ = {isa = PBXFileReference; lastKnownFileType = sourcecode.swift; path = R_MApp.swift; sourceTree = "<group>"; };
		09D2D94C29124ADD00BB18C1 /* Assets.xcassets */ = {isa = PBXFileReference; lastKnownFileType = folder.assetcatalog; path = Assets.xcassets; sourceTree = "<group>"; };
		09D2D94F29124ADD00BB18C1 /* Preview Assets.xcassets */ = {isa = PBXFileReference; lastKnownFileType = folder.assetcatalog; path = "Preview Assets.xcassets"; sourceTree = "<group>"; };
		09FDB24E2947182E00B5615A /* Network.swift */ = {isa = PBXFileReference; lastKnownFileType = sourcecode.swift; path = Network.swift; sourceTree = "<group>"; };
/* End PBXFileReference section */

/* Begin PBXFrameworksBuildPhase section */
		09D2D94229124ADB00BB18C1 /* Frameworks */ = {
			isa = PBXFrameworksBuildPhase;
			buildActionMask = 2147483647;
			files = (
				091B0F2A2940C2860033B14F /* Apollo in Frameworks */,
			);
			runOnlyForDeploymentPostprocessing = 0;
		};
/* End PBXFrameworksBuildPhase section */

/* Begin PBXGroup section */
		0918453329431C0600B7F4C6 /* GraphQL */ = {
			isa = PBXGroup;
			children = (
				091FA720294327EE00738726 /* Queries.graphql */,
				091FA7222943281800738726 /* API.swift */,
				0932DBE1294B436100BF91AD /* SİngleQuery.swift */,
				09FDB24E2947182E00B5615A /* Network.swift */,
			);
			path = GraphQL;
			sourceTree = "<group>";
		};
		0932DBDE294B395500BF91AD /* GraphQLView */ = {
			isa = PBXGroup;
			children = (
				093F4F80295318E10078E183 /* GraphQLCharacterView */,
				093F4F81295318FB0078E183 /* GraphQLEpisodeView */,
				0993334E295C85500052CAC4 /* GraphQLLocationView */,
			);
			path = GraphQLView;
			sourceTree = "<group>";
		};
		093F4F80295318E10078E183 /* GraphQLCharacterView */ = {
			isa = PBXGroup;
			children = (
				0932DBDF294B397900BF91AD /* GraphCharacterView.swift */,
				0959B9F42950B5FD00A6078F /* GraphCharacterDetailView.swift */,
				093F4F7C29526E4B0078E183 /* GraphCharacterViewDetailDetailView.swift */,
			);
			path = GraphQLCharacterView;
			sourceTree = "<group>";
		};
		093F4F81295318FB0078E183 /* GraphQLEpisodeView */ = {
			isa = PBXGroup;
			children = (
				093F4F842953195D0078E183 /* GraphEpisodeView.swift */,
				093F4F86295319870078E183 /* GraphEpisodeDetailView.swift */,
				093F4F88295319A00078E183 /* GraphEpisodeViewDetailView.swift */,
			);
			path = GraphQLEpisodeView;
			sourceTree = "<group>";
		};
		0993334E295C85500052CAC4 /* GraphQLLocationView */ = {
			isa = PBXGroup;
			children = (
				0993334F295C858B0052CAC4 /* GraphLocationView.swift */,
				09933351295C85A90052CAC4 /* GraphLocationDetailView.swift */,
				09933353295C85BB0052CAC4 /* GraphLocationViewDetailView.swift */,
			);
			path = GraphQLLocationView;
			sourceTree = "<group>";
		};
		0997DB2029486E6D00162EF7 /* ViewModelsGraphQL */ = {
			isa = PBXGroup;
			children = (
				0997DB2129486E9E00162EF7 /* LaunchViewModel.swift */,
				093F4F8A295319B50078E183 /* GraphEpisodeViewModel.swift */,
				09933355295C85CF0052CAC4 /* GraphLocationViewModel.swift */,
			);
			path = ViewModelsGraphQL;
			sourceTree = "<group>";
		};
		09D2D93C29124ADB00BB18C1 = {
			isa = PBXGroup;
			children = (
				09D2D94729124ADC00BB18C1 /* R&M */,
				09D2D94629124ADC00BB18C1 /* Products */,
			);
			sourceTree = "<group>";
		};
		09D2D94629124ADC00BB18C1 /* Products */ = {
			isa = PBXGroup;
			children = (
				09D2D94529124ADC00BB18C1 /* R&M.app */,
			);
			name = Products;
			sourceTree = "<group>";
		};
		09D2D94729124ADC00BB18C1 /* R&M */ = {
			isa = PBXGroup;
			children = (
				09184535294322F200B7F4C6 /* schema.json */,
				09D2D94829124ADC00BB18C1 /* R_MApp.swift */,
				0997DB232948B3B100162EF7 /* ContentViewGraphQL.swift */,
				0918453329431C0600B7F4C6 /* GraphQL */,
				0932DBDE294B395500BF91AD /* GraphQLView */,
				0997DB2029486E6D00162EF7 /* ViewModelsGraphQL */,
				09FC5D3A29150D08008D1A4C /* Services */,
				09D2D94E29124ADD00BB18C1 /* Preview Content */,
				09D2D94C29124ADD00BB18C1 /* Assets.xcassets */,
			);
			path = "R&M";
			sourceTree = "<group>";
		};
		09D2D94E29124ADD00BB18C1 /* Preview Content */ = {
			isa = PBXGroup;
			children = (
				09D2D94F29124ADD00BB18C1 /* Preview Assets.xcassets */,
			);
			path = "Preview Content";
			sourceTree = "<group>";
		};
		09FC5D3A29150D08008D1A4C /* Services */ = {
			isa = PBXGroup;
			children = (
				09CCD43E2934D21100E91B09 /* Extension.swift */,
				091B0EDD293F7E720033B14F /* Database.swift */,
			);
			path = Services;
			sourceTree = "<group>";
		};
/* End PBXGroup section */

/* Begin PBXNativeTarget section */
		09D2D94429124ADB00BB18C1 /* R&M */ = {
			isa = PBXNativeTarget;
			buildConfigurationList = 09D2D95329124ADD00BB18C1 /* Build configuration list for PBXNativeTarget "R&M" */;
			buildPhases = (
				095420AA293625B6005F3CDE /* Run SwiftFormat */,
				0918453429431CB500B7F4C6 /* ShellScript */,
				09D2D94129124ADB00BB18C1 /* Sources */,
				09D2D94229124ADB00BB18C1 /* Frameworks */,
				09D2D94329124ADB00BB18C1 /* Resources */,
			);
			buildRules = (
			);
			dependencies = (
			);
			name = "R&M";
			packageProductDependencies = (
				091B0F292940C2860033B14F /* Apollo */,
			);
			productName = "R&M";
			productReference = 09D2D94529124ADC00BB18C1 /* R&M.app */;
			productType = "com.apple.product-type.application";
		};
/* End PBXNativeTarget section */

/* Begin PBXProject section */
		09D2D93D29124ADB00BB18C1 /* Project object */ = {
			isa = PBXProject;
			attributes = {
				BuildIndependentTargetsInParallel = 1;
				LastSwiftUpdateCheck = 1400;
				LastUpgradeCheck = 1400;
				TargetAttributes = {
					09D2D94429124ADB00BB18C1 = {
						CreatedOnToolsVersion = 14.0.1;
					};
				};
			};
			buildConfigurationList = 09D2D94029124ADB00BB18C1 /* Build configuration list for PBXProject "R&M" */;
			compatibilityVersion = "Xcode 14.0";
			developmentRegion = en;
			hasScannedForEncodings = 0;
			knownRegions = (
				en,
				Base,
			);
			mainGroup = 09D2D93C29124ADB00BB18C1;
			packageReferences = (
				091B0F282940C2860033B14F /* XCRemoteSwiftPackageReference "apollo-ios" */,
			);
			productRefGroup = 09D2D94629124ADC00BB18C1 /* Products */;
			projectDirPath = "";
			projectRoot = "";
			targets = (
				09D2D94429124ADB00BB18C1 /* R&M */,
			);
		};
/* End PBXProject section */

/* Begin PBXResourcesBuildPhase section */
		09D2D94329124ADB00BB18C1 /* Resources */ = {
			isa = PBXResourcesBuildPhase;
			buildActionMask = 2147483647;
			files = (
				09D2D95029124ADD00BB18C1 /* Preview Assets.xcassets in Resources */,
				091FA721294327EE00738726 /* Queries.graphql in Resources */,
				09D2D94D29124ADD00BB18C1 /* Assets.xcassets in Resources */,
			);
			runOnlyForDeploymentPostprocessing = 0;
		};
/* End PBXResourcesBuildPhase section */

/* Begin PBXShellScriptBuildPhase section */
		0918453429431CB500B7F4C6 /* ShellScript */ = {
			isa = PBXShellScriptBuildPhase;
			buildActionMask = 12;
			files = (
			);
			inputFileListPaths = (
			);
			inputPaths = (
			);
			outputFileListPaths = (
			);
			outputPaths = (
			);
			runOnlyForDeploymentPostprocessing = 0;
			shellPath = /bin/sh;
			shellScript = "# Type a script or drag a script file from your workspace to insert its path.\n# Don't run this during index builds\nif [ $ACTION = \"indexbuild\" ]; then exit 0; fi\n\n# Go to the build root and search up the chain to find the Derived Data Path where the source packages are checked out.\nDERIVED_DATA_CANDIDATE=\"${BUILD_ROOT}\"\n\nwhile ! [ -d \"${DERIVED_DATA_CANDIDATE}/SourcePackages\" ]; do\n  if [ \"${DERIVED_DATA_CANDIDATE}\" = / ]; then\n    echo >&2 \"error: Unable to locate SourcePackages directory from BUILD_ROOT: '${BUILD_ROOT}'\"\n    exit 1\n  fi\n\n  DERIVED_DATA_CANDIDATE=\"$(dirname \"${DERIVED_DATA_CANDIDATE}\")\"\ndone\n\n# Grab a reference to the directory where scripts are checked out\nSCRIPT_PATH=\"${DERIVED_DATA_CANDIDATE}/SourcePackages/checkouts/apollo-ios/scripts\"\n\nif [ -z \"${SCRIPT_PATH}\" ]; then\n    echo >&2 \"error: Couldn't find the CLI script in your checked out SPM packages; make sure to add the framework to your project.\"\n    exit 1\nfi\n\ncd \"${SRCROOT}/${TARGET_NAME}\"\n\"${SCRIPT_PATH}\"/run-bundled-codegen.sh codegen:generate --target=swift --includes=./**/*.graphql --localSchemaFile=\"schema.json\" API.swift\n";
		};
		095420AA293625B6005F3CDE /* Run SwiftFormat */ = {
			isa = PBXShellScriptBuildPhase;
			alwaysOutOfDate = 1;
			buildActionMask = 8;
			files = (
			);
			inputFileListPaths = (
			);
			inputPaths = (
			);
			name = "Run SwiftFormat";
			outputFileListPaths = (
			);
			outputPaths = (
			);
			runOnlyForDeploymentPostprocessing = 1;
			shellPath = /bin/sh;
			shellScript = "# Type a script or drag a script file from your workspace to insert its path.\ncd BuildTools\nSDKROOT=(xcrun --sdk macosx --show-sdk-path)\n#swift package update #Uncomment this line temporarily to update the version used to the latest matching your BuildTools/Package.swift file\nswift run -c release swiftformat \"$SRCROOT\"\n";
		};
/* End PBXShellScriptBuildPhase section */

/* Begin PBXSourcesBuildPhase section */
		09D2D94129124ADB00BB18C1 /* Sources */ = {
			isa = PBXSourcesBuildPhase;
			buildActionMask = 2147483647;
			files = (
				0997DB242948B3B100162EF7 /* ContentViewGraphQL.swift in Sources */,
				0959B9F52950B5FD00A6078F /* GraphCharacterDetailView.swift in Sources */,
				093F4F7D29526E4B0078E183 /* GraphCharacterViewDetailDetailView.swift in Sources */,
				09FDB24F2947182E00B5615A /* Network.swift in Sources */,
				0997DB2229486E9E00162EF7 /* LaunchViewModel.swift in Sources */,
				0932DBE0294B397900BF91AD /* GraphCharacterView.swift in Sources */,
				093F4F852953195D0078E183 /* GraphEpisodeView.swift in Sources */,
				09933356295C85CF0052CAC4 /* GraphLocationViewModel.swift in Sources */,
				0932DBE2294B436100BF91AD /* SİngleQuery.swift in Sources */,
				09933352295C85A90052CAC4 /* GraphLocationDetailView.swift in Sources */,
				09933354295C85BB0052CAC4 /* GraphLocationViewDetailView.swift in Sources */,
				09CCD43F2934D21100E91B09 /* Extension.swift in Sources */,
				09933350295C858B0052CAC4 /* GraphLocationView.swift in Sources */,
				093F4F87295319870078E183 /* GraphEpisodeDetailView.swift in Sources */,
				093F4F8B295319B50078E183 /* GraphEpisodeViewModel.swift in Sources */,
				09D2D94929124ADC00BB18C1 /* R_MApp.swift in Sources */,
				093F4F89295319A00078E183 /* GraphEpisodeViewDetailView.swift in Sources */,
				091B0EDE293F7E720033B14F /* Database.swift in Sources */,
				091FA7232943281800738726 /* API.swift in Sources */,
			);
			runOnlyForDeploymentPostprocessing = 0;
		};
/* End PBXSourcesBuildPhase section */

/* Begin XCBuildConfiguration section */
		09D2D95129124ADD00BB18C1 /* Debug */ = {
			isa = XCBuildConfiguration;
			buildSettings = {
				ALWAYS_SEARCH_USER_PATHS = NO;
				CLANG_ANALYZER_NONNULL = YES;
				CLANG_ANALYZER_NUMBER_OBJECT_CONVERSION = YES_AGGRESSIVE;
				CLANG_CXX_LANGUAGE_STANDARD = "gnu++20";
				CLANG_ENABLE_MODULES = YES;
				CLANG_ENABLE_OBJC_ARC = YES;
				CLANG_ENABLE_OBJC_WEAK = YES;
				CLANG_WARN_BLOCK_CAPTURE_AUTORELEASING = YES;
				CLANG_WARN_BOOL_CONVERSION = YES;
				CLANG_WARN_COMMA = YES;
				CLANG_WARN_CONSTANT_CONVERSION = YES;
				CLANG_WARN_DEPRECATED_OBJC_IMPLEMENTATIONS = YES;
				CLANG_WARN_DIRECT_OBJC_ISA_USAGE = YES_ERROR;
				CLANG_WARN_DOCUMENTATION_COMMENTS = YES;
				CLANG_WARN_EMPTY_BODY = YES;
				CLANG_WARN_ENUM_CONVERSION = YES;
				CLANG_WARN_INFINITE_RECURSION = YES;
				CLANG_WARN_INT_CONVERSION = YES;
				CLANG_WARN_NON_LITERAL_NULL_CONVERSION = YES;
				CLANG_WARN_OBJC_IMPLICIT_RETAIN_SELF = YES;
				CLANG_WARN_OBJC_LITERAL_CONVERSION = YES;
				CLANG_WARN_OBJC_ROOT_CLASS = YES_ERROR;
				CLANG_WARN_QUOTED_INCLUDE_IN_FRAMEWORK_HEADER = YES;
				CLANG_WARN_RANGE_LOOP_ANALYSIS = YES;
				CLANG_WARN_STRICT_PROTOTYPES = YES;
				CLANG_WARN_SUSPICIOUS_MOVE = YES;
				CLANG_WARN_UNGUARDED_AVAILABILITY = YES_AGGRESSIVE;
				CLANG_WARN_UNREACHABLE_CODE = YES;
				CLANG_WARN__DUPLICATE_METHOD_MATCH = YES;
				COPY_PHASE_STRIP = NO;
				DEBUG_INFORMATION_FORMAT = dwarf;
				ENABLE_STRICT_OBJC_MSGSEND = YES;
				ENABLE_TESTABILITY = YES;
				GCC_C_LANGUAGE_STANDARD = gnu11;
				GCC_DYNAMIC_NO_PIC = NO;
				GCC_NO_COMMON_BLOCKS = YES;
				GCC_OPTIMIZATION_LEVEL = 0;
				GCC_PREPROCESSOR_DEFINITIONS = (
					"DEBUG=1",
					"$(inherited)",
				);
				GCC_WARN_64_TO_32_BIT_CONVERSION = YES;
				GCC_WARN_ABOUT_RETURN_TYPE = YES_ERROR;
				GCC_WARN_UNDECLARED_SELECTOR = YES;
				GCC_WARN_UNINITIALIZED_AUTOS = YES_AGGRESSIVE;
				GCC_WARN_UNUSED_FUNCTION = YES;
				GCC_WARN_UNUSED_VARIABLE = YES;
				IPHONEOS_DEPLOYMENT_TARGET = 16.0;
				MTL_ENABLE_DEBUG_INFO = INCLUDE_SOURCE;
				MTL_FAST_MATH = YES;
				ONLY_ACTIVE_ARCH = YES;
				SDKROOT = iphoneos;
				SWIFT_ACTIVE_COMPILATION_CONDITIONS = DEBUG;
				SWIFT_OPTIMIZATION_LEVEL = "-Onone";
			};
			name = Debug;
		};
		09D2D95229124ADD00BB18C1 /* Release */ = {
			isa = XCBuildConfiguration;
			buildSettings = {
				ALWAYS_SEARCH_USER_PATHS = NO;
				CLANG_ANALYZER_NONNULL = YES;
				CLANG_ANALYZER_NUMBER_OBJECT_CONVERSION = YES_AGGRESSIVE;
				CLANG_CXX_LANGUAGE_STANDARD = "gnu++20";
				CLANG_ENABLE_MODULES = YES;
				CLANG_ENABLE_OBJC_ARC = YES;
				CLANG_ENABLE_OBJC_WEAK = YES;
				CLANG_WARN_BLOCK_CAPTURE_AUTORELEASING = YES;
				CLANG_WARN_BOOL_CONVERSION = YES;
				CLANG_WARN_COMMA = YES;
				CLANG_WARN_CONSTANT_CONVERSION = YES;
				CLANG_WARN_DEPRECATED_OBJC_IMPLEMENTATIONS = YES;
				CLANG_WARN_DIRECT_OBJC_ISA_USAGE = YES_ERROR;
				CLANG_WARN_DOCUMENTATION_COMMENTS = YES;
				CLANG_WARN_EMPTY_BODY = YES;
				CLANG_WARN_ENUM_CONVERSION = YES;
				CLANG_WARN_INFINITE_RECURSION = YES;
				CLANG_WARN_INT_CONVERSION = YES;
				CLANG_WARN_NON_LITERAL_NULL_CONVERSION = YES;
				CLANG_WARN_OBJC_IMPLICIT_RETAIN_SELF = YES;
				CLANG_WARN_OBJC_LITERAL_CONVERSION = YES;
				CLANG_WARN_OBJC_ROOT_CLASS = YES_ERROR;
				CLANG_WARN_QUOTED_INCLUDE_IN_FRAMEWORK_HEADER = YES;
				CLANG_WARN_RANGE_LOOP_ANALYSIS = YES;
				CLANG_WARN_STRICT_PROTOTYPES = YES;
				CLANG_WARN_SUSPICIOUS_MOVE = YES;
				CLANG_WARN_UNGUARDED_AVAILABILITY = YES_AGGRESSIVE;
				CLANG_WARN_UNREACHABLE_CODE = YES;
				CLANG_WARN__DUPLICATE_METHOD_MATCH = YES;
				COPY_PHASE_STRIP = NO;
				DEBUG_INFORMATION_FORMAT = "dwarf-with-dsym";
				ENABLE_NS_ASSERTIONS = NO;
				ENABLE_STRICT_OBJC_MSGSEND = YES;
				GCC_C_LANGUAGE_STANDARD = gnu11;
				GCC_NO_COMMON_BLOCKS = YES;
				GCC_WARN_64_TO_32_BIT_CONVERSION = YES;
				GCC_WARN_ABOUT_RETURN_TYPE = YES_ERROR;
				GCC_WARN_UNDECLARED_SELECTOR = YES;
				GCC_WARN_UNINITIALIZED_AUTOS = YES_AGGRESSIVE;
				GCC_WARN_UNUSED_FUNCTION = YES;
				GCC_WARN_UNUSED_VARIABLE = YES;
				IPHONEOS_DEPLOYMENT_TARGET = 16.0;
				MTL_ENABLE_DEBUG_INFO = NO;
				MTL_FAST_MATH = YES;
				SDKROOT = iphoneos;
				SWIFT_COMPILATION_MODE = wholemodule;
				SWIFT_OPTIMIZATION_LEVEL = "-O";
				VALIDATE_PRODUCT = YES;
			};
			name = Release;
		};
		09D2D95429124ADD00BB18C1 /* Debug */ = {
			isa = XCBuildConfiguration;
			buildSettings = {
				ASSETCATALOG_COMPILER_APPICON_NAME = AppIcon;
				ASSETCATALOG_COMPILER_GLOBAL_ACCENT_COLOR_NAME = AccentColor;
				CODE_SIGN_STYLE = Automatic;
				CURRENT_PROJECT_VERSION = 1;
				DEVELOPMENT_ASSET_PATHS = "\"R&M/Preview Content\"";
				DEVELOPMENT_TEAM = 5BZ6343QNY;
				ENABLE_PREVIEWS = YES;
				GENERATE_INFOPLIST_FILE = YES;
				INFOPLIST_KEY_UIApplicationSceneManifest_Generation = YES;
				INFOPLIST_KEY_UIApplicationSupportsIndirectInputEvents = YES;
				INFOPLIST_KEY_UILaunchScreen_Generation = YES;
				INFOPLIST_KEY_UISupportedInterfaceOrientations_iPad = "UIInterfaceOrientationPortrait UIInterfaceOrientationPortraitUpsideDown UIInterfaceOrientationLandscapeLeft UIInterfaceOrientationLandscapeRight";
				INFOPLIST_KEY_UISupportedInterfaceOrientations_iPhone = "UIInterfaceOrientationPortrait UIInterfaceOrientationLandscapeLeft UIInterfaceOrientationLandscapeRight";
				LD_RUNPATH_SEARCH_PATHS = (
					"$(inherited)",
					"@executable_path/Frameworks",
				);
				MARKETING_VERSION = 1.0;
				PRODUCT_BUNDLE_IDENTIFIER = "com.adnancobanoglu8.R-M";
				PRODUCT_NAME = "$(TARGET_NAME)";
				SWIFT_EMIT_LOC_STRINGS = YES;
				SWIFT_VERSION = 5.0;
				TARGETED_DEVICE_FAMILY = "1,2";
			};
			name = Debug;
		};
		09D2D95529124ADD00BB18C1 /* Release */ = {
			isa = XCBuildConfiguration;
			buildSettings = {
				ASSETCATALOG_COMPILER_APPICON_NAME = AppIcon;
				ASSETCATALOG_COMPILER_GLOBAL_ACCENT_COLOR_NAME = AccentColor;
				CODE_SIGN_STYLE = Automatic;
				CURRENT_PROJECT_VERSION = 1;
				DEVELOPMENT_ASSET_PATHS = "\"R&M/Preview Content\"";
				DEVELOPMENT_TEAM = 5BZ6343QNY;
				ENABLE_PREVIEWS = YES;
				GENERATE_INFOPLIST_FILE = YES;
				INFOPLIST_KEY_UIApplicationSceneManifest_Generation = YES;
				INFOPLIST_KEY_UIApplicationSupportsIndirectInputEvents = YES;
				INFOPLIST_KEY_UILaunchScreen_Generation = YES;
				INFOPLIST_KEY_UISupportedInterfaceOrientations_iPad = "UIInterfaceOrientationPortrait UIInterfaceOrientationPortraitUpsideDown UIInterfaceOrientationLandscapeLeft UIInterfaceOrientationLandscapeRight";
				INFOPLIST_KEY_UISupportedInterfaceOrientations_iPhone = "UIInterfaceOrientationPortrait UIInterfaceOrientationLandscapeLeft UIInterfaceOrientationLandscapeRight";
				LD_RUNPATH_SEARCH_PATHS = (
					"$(inherited)",
					"@executable_path/Frameworks",
				);
				MARKETING_VERSION = 1.0;
				PRODUCT_BUNDLE_IDENTIFIER = "com.adnancobanoglu8.R-M";
				PRODUCT_NAME = "$(TARGET_NAME)";
				SWIFT_EMIT_LOC_STRINGS = YES;
				SWIFT_VERSION = 5.0;
				TARGETED_DEVICE_FAMILY = "1,2";
			};
			name = Release;
		};
/* End XCBuildConfiguration section */

/* Begin XCConfigurationList section */
		09D2D94029124ADB00BB18C1 /* Build configuration list for PBXProject "R&M" */ = {
			isa = XCConfigurationList;
			buildConfigurations = (
				09D2D95129124ADD00BB18C1 /* Debug */,
				09D2D95229124ADD00BB18C1 /* Release */,
			);
			defaultConfigurationIsVisible = 0;
			defaultConfigurationName = Release;
		};
		09D2D95329124ADD00BB18C1 /* Build configuration list for PBXNativeTarget "R&M" */ = {
			isa = XCConfigurationList;
			buildConfigurations = (
				09D2D95429124ADD00BB18C1 /* Debug */,
				09D2D95529124ADD00BB18C1 /* Release */,
			);
			defaultConfigurationIsVisible = 0;
			defaultConfigurationName = Release;
		};
/* End XCConfigurationList section */

/* Begin XCRemoteSwiftPackageReference section */
		091B0F282940C2860033B14F /* XCRemoteSwiftPackageReference "apollo-ios" */ = {
			isa = XCRemoteSwiftPackageReference;
			repositoryURL = "https://github.com/apollographql/apollo-ios.git";
			requirement = {
				branch = 0.50.0;
				kind = branch;
			};
		};
/* End XCRemoteSwiftPackageReference section */

/* Begin XCSwiftPackageProductDependency section */
		091B0F292940C2860033B14F /* Apollo */ = {
			isa = XCSwiftPackageProductDependency;
			package = 091B0F282940C2860033B14F /* XCRemoteSwiftPackageReference "apollo-ios" */;
			productName = Apollo;
		};
/* End XCSwiftPackageProductDependency section */
	};
	rootObject = 09D2D93D29124ADB00BB18C1 /* Project object */;
}
